// !$*UTF8*$!
{
	archiveVersion = 1;
	classes = {
	};
	objectVersion = 46;
	objects = {

/* Begin PBXBuildFile section */
		C8358B2A1B81759F00DE5F2F /* TagEditUITests.swift in Sources */ = {isa = PBXBuildFile; fileRef = C8358B291B81759F00DE5F2F /* TagEditUITests.swift */; };
		C84558F81B6FF52900C839D9 /* AppDelegate.swift in Sources */ = {isa = PBXBuildFile; fileRef = C84558F71B6FF52900C839D9 /* AppDelegate.swift */; };
		C84558FF1B6FF52900C839D9 /* Assets.xcassets in Resources */ = {isa = PBXBuildFile; fileRef = C84558FE1B6FF52900C839D9 /* Assets.xcassets */; };
		C845590D1B6FF52900C839D9 /* AppDelegateTests.swift in Sources */ = {isa = PBXBuildFile; fileRef = C845590C1B6FF52900C839D9 /* AppDelegateTests.swift */; };
		C84559181B6FF52900C839D9 /* MainViewUITests.swift in Sources */ = {isa = PBXBuildFile; fileRef = C84559171B6FF52900C839D9 /* MainViewUITests.swift */; };
		C845592C1B7008FC00C839D9 /* Main.storyboard in Resources */ = {isa = PBXBuildFile; fileRef = C84559251B7008FC00C839D9 /* Main.storyboard */; };
		C845592E1B7008FC00C839D9 /* TagEditViewController.swift in Sources */ = {isa = PBXBuildFile; fileRef = C84559271B7008FC00C839D9 /* TagEditViewController.swift */; };
		C845592F1B7008FC00C839D9 /* TagSelectTableViewController.swift in Sources */ = {isa = PBXBuildFile; fileRef = C84559281B7008FC00C839D9 /* TagSelectTableViewController.swift */; };
		C84559301B7008FC00C839D9 /* TaskEditViewController.swift in Sources */ = {isa = PBXBuildFile; fileRef = C84559291B7008FC00C839D9 /* TaskEditViewController.swift */; };
		C84559311B7008FC00C839D9 /* MainViewController.swift in Sources */ = {isa = PBXBuildFile; fileRef = C845592A1B7008FC00C839D9 /* MainViewController.swift */; };
		C84559321B7008FC00C839D9 /* PrefsViewController.swift in Sources */ = {isa = PBXBuildFile; fileRef = C845592B1B7008FC00C839D9 /* PrefsViewController.swift */; };
		C84559341B700DFC00C839D9 /* Task.storyboard in Resources */ = {isa = PBXBuildFile; fileRef = C84559331B700DFC00C839D9 /* Task.storyboard */; };
		C84559361B700EC600C839D9 /* Preferences.storyboard in Resources */ = {isa = PBXBuildFile; fileRef = C84559351B700EC600C839D9 /* Preferences.storyboard */; };
		C879447A1B709BCD0004A89B /* Tags.storyboard in Resources */ = {isa = PBXBuildFile; fileRef = C87944791B709BCD0004A89B /* Tags.storyboard */; };
		C898780F1B98D7EE00110BB7 /* FSTag.swift in Sources */ = {isa = PBXBuildFile; fileRef = C898780E1B98D7EE00110BB7 /* FSTag.swift */; };
		C8DBB9271B990B1700FBE929 /* FSTagStore.swift in Sources */ = {isa = PBXBuildFile; fileRef = C8DBB9261B990B1700FBE929 /* FSTagStore.swift */; };
		C8DBB9291B9910BE00FBE929 /* FSTaskStore.swift in Sources */ = {isa = PBXBuildFile; fileRef = C8DBB9281B9910BE00FBE929 /* FSTaskStore.swift */; };
		C8DBB92B1B9911B900FBE929 /* FSTask.swift in Sources */ = {isa = PBXBuildFile; fileRef = C8DBB92A1B9911B900FBE929 /* FSTask.swift */; };
		C8DC47F81B85793500C51D35 /* FussyReminder.swift in Sources */ = {isa = PBXBuildFile; fileRef = C8DC47F71B85793500C51D35 /* FussyReminder.swift */; };
		C8DC47FF1B868F8D00C51D35 /* MapKit.framework in Frameworks */ = {isa = PBXBuildFile; fileRef = C8DC47FE1B868F8D00C51D35 /* MapKit.framework */; };
		C8DC48031B86AE0F00C51D35 /* Utilities.swift in Sources */ = {isa = PBXBuildFile; fileRef = C8DC48021B86AE0F00C51D35 /* Utilities.swift */; };
		C8DC48051B86B17B00C51D35 /* FussyTag.swift in Sources */ = {isa = PBXBuildFile; fileRef = C8DC48041B86B17B00C51D35 /* FussyTag.swift */; };
		C8DC48071B86B3AF00C51D35 /* UtilitiesTests.swift in Sources */ = {isa = PBXBuildFile; fileRef = C8DC48061B86B3AF00C51D35 /* UtilitiesTests.swift */; };
		C8E8A09A1B814D32006CBB65 /* Kalinda.storyboard in Resources */ = {isa = PBXBuildFile; fileRef = C8E8A0991B814D32006CBB65 /* Kalinda.storyboard */; };
		C8E8A09E1B8154E3006CBB65 /* PreferencesUITests.swift in Sources */ = {isa = PBXBuildFile; fileRef = C8E8A09D1B8154E3006CBB65 /* PreferencesUITests.swift */; };
		C8E8A0A01B81551A006CBB65 /* TaskUITests.swift in Sources */ = {isa = PBXBuildFile; fileRef = C8E8A09F1B81551A006CBB65 /* TaskUITests.swift */; };
		C8E8A0A21B81553C006CBB65 /* TagSelectUITests.swift in Sources */ = {isa = PBXBuildFile; fileRef = C8E8A0A11B81553C006CBB65 /* TagSelectUITests.swift */; };
		C8E8A0A41B815583006CBB65 /* KalindaUITests.swift in Sources */ = {isa = PBXBuildFile; fileRef = C8E8A0A31B815583006CBB65 /* KalindaUITests.swift */; };
/* End PBXBuildFile section */

/* Begin PBXContainerItemProxy section */
		C84559091B6FF52900C839D9 /* PBXContainerItemProxy */ = {
			isa = PBXContainerItemProxy;
			containerPortal = C84558EC1B6FF52900C839D9 /* Project object */;
			proxyType = 1;
			remoteGlobalIDString = C84558F31B6FF52900C839D9;
			remoteInfo = fussyspider;
		};
		C84559141B6FF52900C839D9 /* PBXContainerItemProxy */ = {
			isa = PBXContainerItemProxy;
			containerPortal = C84558EC1B6FF52900C839D9 /* Project object */;
			proxyType = 1;
			remoteGlobalIDString = C84558F31B6FF52900C839D9;
			remoteInfo = fussyspider;
		};
/* End PBXContainerItemProxy section */

/* Begin PBXFileReference section */
		C8358B291B81759F00DE5F2F /* TagEditUITests.swift */ = {isa = PBXFileReference; fileEncoding = 4; lastKnownFileType = sourcecode.swift; path = TagEditUITests.swift; sourceTree = "<group>"; };
		C84558F41B6FF52900C839D9 /* fussyspider.app */ = {isa = PBXFileReference; explicitFileType = wrapper.application; includeInIndex = 0; path = fussyspider.app; sourceTree = BUILT_PRODUCTS_DIR; };
		C84558F71B6FF52900C839D9 /* AppDelegate.swift */ = {isa = PBXFileReference; lastKnownFileType = sourcecode.swift; path = AppDelegate.swift; sourceTree = "<group>"; };
		C84558FE1B6FF52900C839D9 /* Assets.xcassets */ = {isa = PBXFileReference; lastKnownFileType = folder.assetcatalog; path = Assets.xcassets; sourceTree = "<group>"; };
		C84559031B6FF52900C839D9 /* Info.plist */ = {isa = PBXFileReference; lastKnownFileType = text.plist.xml; path = Info.plist; sourceTree = "<group>"; };
		C84559081B6FF52900C839D9 /* fussyspiderTests.xctest */ = {isa = PBXFileReference; explicitFileType = wrapper.cfbundle; includeInIndex = 0; path = fussyspiderTests.xctest; sourceTree = BUILT_PRODUCTS_DIR; };
		C845590C1B6FF52900C839D9 /* AppDelegateTests.swift */ = {isa = PBXFileReference; lastKnownFileType = sourcecode.swift; path = AppDelegateTests.swift; sourceTree = "<group>"; };
		C845590E1B6FF52900C839D9 /* Info.plist */ = {isa = PBXFileReference; lastKnownFileType = text.plist.xml; path = Info.plist; sourceTree = "<group>"; };
		C84559131B6FF52900C839D9 /* fussyspiderUITests.xctest */ = {isa = PBXFileReference; explicitFileType = wrapper.cfbundle; includeInIndex = 0; path = fussyspiderUITests.xctest; sourceTree = BUILT_PRODUCTS_DIR; };
		C84559171B6FF52900C839D9 /* MainViewUITests.swift */ = {isa = PBXFileReference; lastKnownFileType = sourcecode.swift; path = MainViewUITests.swift; sourceTree = "<group>"; };
		C84559191B6FF52900C839D9 /* Info.plist */ = {isa = PBXFileReference; lastKnownFileType = text.plist.xml; path = Info.plist; sourceTree = "<group>"; };
		C84559251B7008FC00C839D9 /* Main.storyboard */ = {isa = PBXFileReference; fileEncoding = 4; lastKnownFileType = file.storyboard; path = Main.storyboard; sourceTree = "<group>"; };
		C84559271B7008FC00C839D9 /* TagEditViewController.swift */ = {isa = PBXFileReference; fileEncoding = 4; lastKnownFileType = sourcecode.swift; path = TagEditViewController.swift; sourceTree = "<group>"; };
		C84559281B7008FC00C839D9 /* TagSelectTableViewController.swift */ = {isa = PBXFileReference; fileEncoding = 4; lastKnownFileType = sourcecode.swift; path = TagSelectTableViewController.swift; sourceTree = "<group>"; };
		C84559291B7008FC00C839D9 /* TaskEditViewController.swift */ = {isa = PBXFileReference; fileEncoding = 4; lastKnownFileType = sourcecode.swift; path = TaskEditViewController.swift; sourceTree = "<group>"; };
		C845592A1B7008FC00C839D9 /* MainViewController.swift */ = {isa = PBXFileReference; fileEncoding = 4; lastKnownFileType = sourcecode.swift; path = MainViewController.swift; sourceTree = "<group>"; };
		C845592B1B7008FC00C839D9 /* PrefsViewController.swift */ = {isa = PBXFileReference; fileEncoding = 4; lastKnownFileType = sourcecode.swift; path = PrefsViewController.swift; sourceTree = "<group>"; };
		C84559331B700DFC00C839D9 /* Task.storyboard */ = {isa = PBXFileReference; fileEncoding = 4; lastKnownFileType = file.storyboard; path = Task.storyboard; sourceTree = "<group>"; };
		C84559351B700EC600C839D9 /* Preferences.storyboard */ = {isa = PBXFileReference; fileEncoding = 4; lastKnownFileType = file.storyboard; path = Preferences.storyboard; sourceTree = "<group>"; };
		C87944791B709BCD0004A89B /* Tags.storyboard */ = {isa = PBXFileReference; fileEncoding = 4; lastKnownFileType = file.storyboard; path = Tags.storyboard; sourceTree = "<group>"; };
		C898780E1B98D7EE00110BB7 /* FSTag.swift */ = {isa = PBXFileReference; fileEncoding = 4; lastKnownFileType = sourcecode.swift; path = FSTag.swift; sourceTree = "<group>"; };
		C8DBB9261B990B1700FBE929 /* FSTagStore.swift */ = {isa = PBXFileReference; fileEncoding = 4; lastKnownFileType = sourcecode.swift; path = FSTagStore.swift; sourceTree = "<group>"; };
		C8DBB9281B9910BE00FBE929 /* FSTaskStore.swift */ = {isa = PBXFileReference; fileEncoding = 4; lastKnownFileType = sourcecode.swift; path = FSTaskStore.swift; sourceTree = "<group>"; };
		C8DBB92A1B9911B900FBE929 /* FSTask.swift */ = {isa = PBXFileReference; fileEncoding = 4; lastKnownFileType = sourcecode.swift; path = FSTask.swift; sourceTree = "<group>"; };
		C8DC47F71B85793500C51D35 /* FussyReminder.swift */ = {isa = PBXFileReference; fileEncoding = 4; lastKnownFileType = sourcecode.swift; path = FussyReminder.swift; sourceTree = "<group>"; };
		C8DC47FB1B86732200C51D35 /* fussyspider.entitlements */ = {isa = PBXFileReference; lastKnownFileType = text.xml; path = fussyspider.entitlements; sourceTree = "<group>"; };
		C8DC47FE1B868F8D00C51D35 /* MapKit.framework */ = {isa = PBXFileReference; lastKnownFileType = wrapper.framework; name = MapKit.framework; path = System/Library/Frameworks/MapKit.framework; sourceTree = SDKROOT; };
		C8DC48021B86AE0F00C51D35 /* Utilities.swift */ = {isa = PBXFileReference; fileEncoding = 4; lastKnownFileType = sourcecode.swift; path = Utilities.swift; sourceTree = "<group>"; };
		C8DC48041B86B17B00C51D35 /* FussyTag.swift */ = {isa = PBXFileReference; fileEncoding = 4; lastKnownFileType = sourcecode.swift; path = FussyTag.swift; sourceTree = "<group>"; };
		C8DC48061B86B3AF00C51D35 /* UtilitiesTests.swift */ = {isa = PBXFileReference; fileEncoding = 4; lastKnownFileType = sourcecode.swift; path = UtilitiesTests.swift; sourceTree = "<group>"; };
		C8E8A0991B814D32006CBB65 /* Kalinda.storyboard */ = {isa = PBXFileReference; fileEncoding = 4; lastKnownFileType = file.storyboard; path = Kalinda.storyboard; sourceTree = "<group>"; };
		C8E8A09D1B8154E3006CBB65 /* PreferencesUITests.swift */ = {isa = PBXFileReference; fileEncoding = 4; lastKnownFileType = sourcecode.swift; path = PreferencesUITests.swift; sourceTree = "<group>"; };
		C8E8A09F1B81551A006CBB65 /* TaskUITests.swift */ = {isa = PBXFileReference; fileEncoding = 4; lastKnownFileType = sourcecode.swift; path = TaskUITests.swift; sourceTree = "<group>"; };
		C8E8A0A11B81553C006CBB65 /* TagSelectUITests.swift */ = {isa = PBXFileReference; fileEncoding = 4; lastKnownFileType = sourcecode.swift; path = TagSelectUITests.swift; sourceTree = "<group>"; };
		C8E8A0A31B815583006CBB65 /* KalindaUITests.swift */ = {isa = PBXFileReference; fileEncoding = 4; lastKnownFileType = sourcecode.swift; path = KalindaUITests.swift; sourceTree = "<group>"; };
/* End PBXFileReference section */

/* Begin PBXFrameworksBuildPhase section */
		C84558F11B6FF52900C839D9 /* Frameworks */ = {
			isa = PBXFrameworksBuildPhase;
			buildActionMask = 2147483647;
			files = (
				C8DC47FF1B868F8D00C51D35 /* MapKit.framework in Frameworks */,
			);
			runOnlyForDeploymentPostprocessing = 0;
		};
		C84559051B6FF52900C839D9 /* Frameworks */ = {
			isa = PBXFrameworksBuildPhase;
			buildActionMask = 2147483647;
			files = (
			);
			runOnlyForDeploymentPostprocessing = 0;
		};
		C84559101B6FF52900C839D9 /* Frameworks */ = {
			isa = PBXFrameworksBuildPhase;
			buildActionMask = 2147483647;
			files = (
			);
			runOnlyForDeploymentPostprocessing = 0;
		};
/* End PBXFrameworksBuildPhase section */

/* Begin PBXGroup section */
		C84558EB1B6FF52900C839D9 = {
			isa = PBXGroup;
			children = (
				C8DC47FE1B868F8D00C51D35 /* MapKit.framework */,
				C84558F61B6FF52900C839D9 /* fussyspider */,
				C845590B1B6FF52900C839D9 /* fussyspiderTests */,
				C84559161B6FF52900C839D9 /* fussyspiderUITests */,
				C84558F51B6FF52900C839D9 /* Products */,
			);
			sourceTree = "<group>";
		};
		C84558F51B6FF52900C839D9 /* Products */ = {
			isa = PBXGroup;
			children = (
				C84558F41B6FF52900C839D9 /* fussyspider.app */,
				C84559081B6FF52900C839D9 /* fussyspiderTests.xctest */,
				C84559131B6FF52900C839D9 /* fussyspiderUITests.xctest */,
			);
			name = Products;
			sourceTree = "<group>";
		};
		C84558F61B6FF52900C839D9 /* fussyspider */ = {
			isa = PBXGroup;
			children = (
				C89878101B98E3B400110BB7 /* Model */,
				C89878121B98E3D800110BB7 /* Controller */,
				C89878111B98E3C800110BB7 /* View */,
				C8DC47FB1B86732200C51D35 /* fussyspider.entitlements */,
				C84558F71B6FF52900C839D9 /* AppDelegate.swift */,
				C8DC47F71B85793500C51D35 /* FussyReminder.swift */,
				C8DC48041B86B17B00C51D35 /* FussyTag.swift */,
				C8DC48021B86AE0F00C51D35 /* Utilities.swift */,
				C84559251B7008FC00C839D9 /* Main.storyboard */,
				C8E8A0991B814D32006CBB65 /* Kalinda.storyboard */,
				C84559351B700EC600C839D9 /* Preferences.storyboard */,
				C84559331B700DFC00C839D9 /* Task.storyboard */,
				C87944791B709BCD0004A89B /* Tags.storyboard */,
				C84559271B7008FC00C839D9 /* TagEditViewController.swift */,
				C84559281B7008FC00C839D9 /* TagSelectTableViewController.swift */,
				C84559291B7008FC00C839D9 /* TaskEditViewController.swift */,
				C845592A1B7008FC00C839D9 /* MainViewController.swift */,
				C845592B1B7008FC00C839D9 /* PrefsViewController.swift */,
				C84558FE1B6FF52900C839D9 /* Assets.xcassets */,
				C84559031B6FF52900C839D9 /* Info.plist */,
			);
			path = fussyspider;
			sourceTree = "<group>";
		};
		C845590B1B6FF52900C839D9 /* fussyspiderTests */ = {
			isa = PBXGroup;
			children = (
				C845590C1B6FF52900C839D9 /* AppDelegateTests.swift */,
				C845590E1B6FF52900C839D9 /* Info.plist */,
				C8DC48061B86B3AF00C51D35 /* UtilitiesTests.swift */,
			);
			path = fussyspiderTests;
			sourceTree = "<group>";
		};
		C84559161B6FF52900C839D9 /* fussyspiderUITests */ = {
			isa = PBXGroup;
			children = (
				C84559171B6FF52900C839D9 /* MainViewUITests.swift */,
				C84559191B6FF52900C839D9 /* Info.plist */,
				C8E8A09D1B8154E3006CBB65 /* PreferencesUITests.swift */,
				C8E8A09F1B81551A006CBB65 /* TaskUITests.swift */,
				C8E8A0A11B81553C006CBB65 /* TagSelectUITests.swift */,
				C8E8A0A31B815583006CBB65 /* KalindaUITests.swift */,
				C8358B291B81759F00DE5F2F /* TagEditUITests.swift */,
			);
			path = fussyspiderUITests;
			sourceTree = "<group>";
		};
		C89878101B98E3B400110BB7 /* Model */ = {
			isa = PBXGroup;
			children = (
				C898780E1B98D7EE00110BB7 /* FSTag.swift */,
				C8DBB9261B990B1700FBE929 /* FSTagStore.swift */,
				C8DBB92A1B9911B900FBE929 /* FSTask.swift */,
				C8DBB9281B9910BE00FBE929 /* FSTaskStore.swift */,
			);
			name = Model;
			sourceTree = "<group>";
		};
		C89878111B98E3C800110BB7 /* View */ = {
			isa = PBXGroup;
			children = (
			);
			name = View;
			sourceTree = "<group>";
		};
		C89878121B98E3D800110BB7 /* Controller */ = {
			isa = PBXGroup;
			children = (
			);
			name = Controller;
			sourceTree = "<group>";
		};
/* End PBXGroup section */

/* Begin PBXNativeTarget section */
		C84558F31B6FF52900C839D9 /* fussyspider */ = {
			isa = PBXNativeTarget;
			buildConfigurationList = C845591C1B6FF52900C839D9 /* Build configuration list for PBXNativeTarget "fussyspider" */;
			buildPhases = (
				C84558F01B6FF52900C839D9 /* Sources */,
				C84558F11B6FF52900C839D9 /* Frameworks */,
				C84558F21B6FF52900C839D9 /* Resources */,
			);
			buildRules = (
			);
			dependencies = (
			);
			name = fussyspider;
			productName = fussyspider;
			productReference = C84558F41B6FF52900C839D9 /* fussyspider.app */;
			productType = "com.apple.product-type.application";
		};
		C84559071B6FF52900C839D9 /* fussyspiderTests */ = {
			isa = PBXNativeTarget;
			buildConfigurationList = C845591F1B6FF52900C839D9 /* Build configuration list for PBXNativeTarget "fussyspiderTests" */;
			buildPhases = (
				C84559041B6FF52900C839D9 /* Sources */,
				C84559051B6FF52900C839D9 /* Frameworks */,
				C84559061B6FF52900C839D9 /* Resources */,
			);
			buildRules = (
			);
			dependencies = (
				C845590A1B6FF52900C839D9 /* PBXTargetDependency */,
			);
			name = fussyspiderTests;
			productName = fussyspiderTests;
			productReference = C84559081B6FF52900C839D9 /* fussyspiderTests.xctest */;
			productType = "com.apple.product-type.bundle.unit-test";
		};
		C84559121B6FF52900C839D9 /* fussyspiderUITests */ = {
			isa = PBXNativeTarget;
			buildConfigurationList = C84559221B6FF52900C839D9 /* Build configuration list for PBXNativeTarget "fussyspiderUITests" */;
			buildPhases = (
				C845590F1B6FF52900C839D9 /* Sources */,
				C84559101B6FF52900C839D9 /* Frameworks */,
				C84559111B6FF52900C839D9 /* Resources */,
			);
			buildRules = (
			);
			dependencies = (
				C84559151B6FF52900C839D9 /* PBXTargetDependency */,
			);
			name = fussyspiderUITests;
			productName = fussyspiderUITests;
			productReference = C84559131B6FF52900C839D9 /* fussyspiderUITests.xctest */;
			productType = "com.apple.product-type.bundle.ui-testing";
		};
/* End PBXNativeTarget section */

/* Begin PBXProject section */
		C84558EC1B6FF52900C839D9 /* Project object */ = {
			isa = PBXProject;
			attributes = {
				LastUpgradeCheck = 0700;
				ORGANIZATIONNAME = "Egypt Urnash";
				TargetAttributes = {
					C84558F31B6FF52900C839D9 = {
						CreatedOnToolsVersion = 7.0;
						DevelopmentTeam = 6L9YDAZBYN;
						SystemCapabilities = {
							com.apple.Maps.iOS = {
								enabled = 1;
							};
							com.apple.iCloud = {
								enabled = 0;
							};
						};
					};
					C84559071B6FF52900C839D9 = {
						CreatedOnToolsVersion = 7.0;
						TestTargetID = C84558F31B6FF52900C839D9;
					};
					C84559121B6FF52900C839D9 = {
						CreatedOnToolsVersion = 7.0;
						TestTargetID = C84558F31B6FF52900C839D9;
					};
				};
			};
			buildConfigurationList = C84558EF1B6FF52900C839D9 /* Build configuration list for PBXProject "fussyspider" */;
			compatibilityVersion = "Xcode 3.2";
			developmentRegion = English;
			hasScannedForEncodings = 0;
			knownRegions = (
				en,
				Base,
			);
			mainGroup = C84558EB1B6FF52900C839D9;
			productRefGroup = C84558F51B6FF52900C839D9 /* Products */;
			projectDirPath = "";
			projectRoot = "";
			targets = (
				C84558F31B6FF52900C839D9 /* fussyspider */,
				C84559071B6FF52900C839D9 /* fussyspiderTests */,
				C84559121B6FF52900C839D9 /* fussyspiderUITests */,
			);
		};
/* End PBXProject section */

/* Begin PBXResourcesBuildPhase section */
		C84558F21B6FF52900C839D9 /* Resources */ = {
			isa = PBXResourcesBuildPhase;
			buildActionMask = 2147483647;
			files = (
				C879447A1B709BCD0004A89B /* Tags.storyboard in Resources */,
				C84559341B700DFC00C839D9 /* Task.storyboard in Resources */,
				C84558FF1B6FF52900C839D9 /* Assets.xcassets in Resources */,
				C84559361B700EC600C839D9 /* Preferences.storyboard in Resources */,
				C8E8A09A1B814D32006CBB65 /* Kalinda.storyboard in Resources */,
				C845592C1B7008FC00C839D9 /* Main.storyboard in Resources */,
			);
			runOnlyForDeploymentPostprocessing = 0;
		};
		C84559061B6FF52900C839D9 /* Resources */ = {
			isa = PBXResourcesBuildPhase;
			buildActionMask = 2147483647;
			files = (
			);
			runOnlyForDeploymentPostprocessing = 0;
		};
		C84559111B6FF52900C839D9 /* Resources */ = {
			isa = PBXResourcesBuildPhase;
			buildActionMask = 2147483647;
			files = (
			);
			runOnlyForDeploymentPostprocessing = 0;
		};
/* End PBXResourcesBuildPhase section */

/* Begin PBXSourcesBuildPhase section */
		C84558F01B6FF52900C839D9 /* Sources */ = {
			isa = PBXSourcesBuildPhase;
			buildActionMask = 2147483647;
			files = (
				C8DBB9271B990B1700FBE929 /* FSTagStore.swift in Sources */,
				C8DBB9291B9910BE00FBE929 /* FSTaskStore.swift in Sources */,
				C84559311B7008FC00C839D9 /* MainViewController.swift in Sources */,
				C8DC48051B86B17B00C51D35 /* FussyTag.swift in Sources */,
				C845592F1B7008FC00C839D9 /* TagSelectTableViewController.swift in Sources */,
				C8DC47F81B85793500C51D35 /* FussyReminder.swift in Sources */,
				C84559321B7008FC00C839D9 /* PrefsViewController.swift in Sources */,
				C84558F81B6FF52900C839D9 /* AppDelegate.swift in Sources */,
				C84559301B7008FC00C839D9 /* TaskEditViewController.swift in Sources */,
				C8DC48031B86AE0F00C51D35 /* Utilities.swift in Sources */,
				C898780F1B98D7EE00110BB7 /* FSTag.swift in Sources */,
				C845592E1B7008FC00C839D9 /* TagEditViewController.swift in Sources */,
				C8DBB92B1B9911B900FBE929 /* FSTask.swift in Sources */,
			);
			runOnlyForDeploymentPostprocessing = 0;
		};
		C84559041B6FF52900C839D9 /* Sources */ = {
			isa = PBXSourcesBuildPhase;
			buildActionMask = 2147483647;
			files = (
				C845590D1B6FF52900C839D9 /* AppDelegateTests.swift in Sources */,
				C8DC48071B86B3AF00C51D35 /* UtilitiesTests.swift in Sources */,
			);
			runOnlyForDeploymentPostprocessing = 0;
		};
		C845590F1B6FF52900C839D9 /* Sources */ = {
			isa = PBXSourcesBuildPhase;
			buildActionMask = 2147483647;
			files = (
				C8358B2A1B81759F00DE5F2F /* TagEditUITests.swift in Sources */,
				C8E8A0A21B81553C006CBB65 /* TagSelectUITests.swift in Sources */,
				C8E8A09E1B8154E3006CBB65 /* PreferencesUITests.swift in Sources */,
				C8E8A0A01B81551A006CBB65 /* TaskUITests.swift in Sources */,
				C84559181B6FF52900C839D9 /* MainViewUITests.swift in Sources */,
				C8E8A0A41B815583006CBB65 /* KalindaUITests.swift in Sources */,
			);
			runOnlyForDeploymentPostprocessing = 0;
		};
/* End PBXSourcesBuildPhase section */

/* Begin PBXTargetDependency section */
		C845590A1B6FF52900C839D9 /* PBXTargetDependency */ = {
			isa = PBXTargetDependency;
			target = C84558F31B6FF52900C839D9 /* fussyspider */;
			targetProxy = C84559091B6FF52900C839D9 /* PBXContainerItemProxy */;
		};
		C84559151B6FF52900C839D9 /* PBXTargetDependency */ = {
			isa = PBXTargetDependency;
			target = C84558F31B6FF52900C839D9 /* fussyspider */;
			targetProxy = C84559141B6FF52900C839D9 /* PBXContainerItemProxy */;
		};
/* End PBXTargetDependency section */

/* Begin XCBuildConfiguration section */
		C845591A1B6FF52900C839D9 /* Debug */ = {
			isa = XCBuildConfiguration;
			buildSettings = {
				ALWAYS_SEARCH_USER_PATHS = NO;
				CLANG_CXX_LANGUAGE_STANDARD = "gnu++0x";
				CLANG_CXX_LIBRARY = "libc++";
				CLANG_ENABLE_MODULES = YES;
				CLANG_ENABLE_OBJC_ARC = YES;
				CLANG_WARN_BOOL_CONVERSION = YES;
				CLANG_WARN_CONSTANT_CONVERSION = YES;
				CLANG_WARN_DIRECT_OBJC_ISA_USAGE = YES_ERROR;
				CLANG_WARN_EMPTY_BODY = YES;
				CLANG_WARN_ENUM_CONVERSION = YES;
				CLANG_WARN_INT_CONVERSION = YES;
				CLANG_WARN_OBJC_ROOT_CLASS = YES_ERROR;
				CLANG_WARN_UNREACHABLE_CODE = YES;
				CLANG_WARN__DUPLICATE_METHOD_MATCH = YES;
				"CODE_SIGN_IDENTITY[sdk=iphoneos*]" = "iPhone Developer";
				COPY_PHASE_STRIP = NO;
				DEBUG_INFORMATION_FORMAT = dwarf;
				ENABLE_STRICT_OBJC_MSGSEND = YES;
				ENABLE_TESTABILITY = YES;
				GCC_C_LANGUAGE_STANDARD = gnu99;
				GCC_DYNAMIC_NO_PIC = NO;
				GCC_NO_COMMON_BLOCKS = YES;
				GCC_OPTIMIZATION_LEVEL = 0;
				GCC_PREPROCESSOR_DEFINITIONS = (
					"DEBUG=1",
					"$(inherited)",
				);
				GCC_WARN_64_TO_32_BIT_CONVERSION = YES;
				GCC_WARN_ABOUT_RETURN_TYPE = YES_ERROR;
				GCC_WARN_UNDECLARED_SELECTOR = YES;
				GCC_WARN_UNINITIALIZED_AUTOS = YES_AGGRESSIVE;
				GCC_WARN_UNUSED_FUNCTION = YES;
				GCC_WARN_UNUSED_VARIABLE = YES;
				IPHONEOS_DEPLOYMENT_TARGET = 9.0;
				MTL_ENABLE_DEBUG_INFO = YES;
				ONLY_ACTIVE_ARCH = YES;
				SDKROOT = iphoneos;
				SWIFT_OPTIMIZATION_LEVEL = "-Onone";
				TARGETED_DEVICE_FAMILY = "1,2";
			};
			name = Debug;
		};
		C845591B1B6FF52900C839D9 /* Release */ = {
			isa = XCBuildConfiguration;
			buildSettings = {
				ALWAYS_SEARCH_USER_PATHS = NO;
				CLANG_CXX_LANGUAGE_STANDARD = "gnu++0x";
				CLANG_CXX_LIBRARY = "libc++";
				CLANG_ENABLE_MODULES = YES;
				CLANG_ENABLE_OBJC_ARC = YES;
				CLANG_WARN_BOOL_CONVERSION = YES;
				CLANG_WARN_CONSTANT_CONVERSION = YES;
				CLANG_WARN_DIRECT_OBJC_ISA_USAGE = YES_ERROR;
				CLANG_WARN_EMPTY_BODY = YES;
				CLANG_WARN_ENUM_CONVERSION = YES;
				CLANG_WARN_INT_CONVERSION = YES;
				CLANG_WARN_OBJC_ROOT_CLASS = YES_ERROR;
				CLANG_WARN_UNREACHABLE_CODE = YES;
				CLANG_WARN__DUPLICATE_METHOD_MATCH = YES;
				"CODE_SIGN_IDENTITY[sdk=iphoneos*]" = "iPhone Developer";
				COPY_PHASE_STRIP = NO;
				DEBUG_INFORMATION_FORMAT = "dwarf-with-dsym";
				ENABLE_NS_ASSERTIONS = NO;
				ENABLE_STRICT_OBJC_MSGSEND = YES;
				GCC_C_LANGUAGE_STANDARD = gnu99;
				GCC_NO_COMMON_BLOCKS = YES;
				GCC_WARN_64_TO_32_BIT_CONVERSION = YES;
				GCC_WARN_ABOUT_RETURN_TYPE = YES_ERROR;
				GCC_WARN_UNDECLARED_SELECTOR = YES;
				GCC_WARN_UNINITIALIZED_AUTOS = YES_AGGRESSIVE;
				GCC_WARN_UNUSED_FUNCTION = YES;
				GCC_WARN_UNUSED_VARIABLE = YES;
				IPHONEOS_DEPLOYMENT_TARGET = 9.0;
				MTL_ENABLE_DEBUG_INFO = NO;
				SDKROOT = iphoneos;
				TARGETED_DEVICE_FAMILY = "1,2";
				VALIDATE_PRODUCT = YES;
			};
			name = Release;
		};
		C845591D1B6FF52900C839D9 /* Debug */ = {
			isa = XCBuildConfiguration;
			buildSettings = {
				ASSETCATALOG_COMPILER_APPICON_NAME = AppIcon;
				CODE_SIGN_IDENTITY = "iPhone Developer";
				"CODE_SIGN_IDENTITY[sdk=iphoneos*]" = "iPhone Developer";
				INFOPLIST_FILE = fussyspider/Info.plist;
				IPHONEOS_DEPLOYMENT_TARGET = 9.0;
				LD_RUNPATH_SEARCH_PATHS = "$(inherited) @executable_path/Frameworks";
				PRODUCT_BUNDLE_IDENTIFIER = com.urnash.egypt.fussyspider;
				PRODUCT_NAME = "$(TARGET_NAME)";
				PROVISIONING_PROFILE = "";
			};
			name = Debug;
		};
		C845591E1B6FF52900C839D9 /* Release */ = {
			isa = XCBuildConfiguration;
			buildSettings = {
				ASSETCATALOG_COMPILER_APPICON_NAME = AppIcon;
				CODE_SIGN_IDENTITY = "iPhone Developer";
				"CODE_SIGN_IDENTITY[sdk=iphoneos*]" = "iPhone Developer";
				INFOPLIST_FILE = fussyspider/Info.plist;
				IPHONEOS_DEPLOYMENT_TARGET = 9.0;
				LD_RUNPATH_SEARCH_PATHS = "$(inherited) @executable_path/Frameworks";
				PRODUCT_BUNDLE_IDENTIFIER = com.urnash.egypt.fussyspider;
				PRODUCT_NAME = "$(TARGET_NAME)";
				PROVISIONING_PROFILE = "";
			};
			name = Release;
		};
		C84559201B6FF52900C839D9 /* Debug */ = {
			isa = XCBuildConfiguration;
			buildSettings = {
				BUNDLE_LOADER = "$(TEST_HOST)";
				INFOPLIST_FILE = fussyspiderTests/Info.plist;
				LD_RUNPATH_SEARCH_PATHS = "$(inherited) @executable_path/Frameworks @loader_path/Frameworks";
				PRODUCT_BUNDLE_IDENTIFIER = com.urnash.egypt.fussyspiderTests;
				PRODUCT_NAME = "$(TARGET_NAME)";
				TEST_HOST = "$(BUILT_PRODUCTS_DIR)/fussyspider.app/fussyspider";
			};
			name = Debug;
		};
		C84559211B6FF52900C839D9 /* Release */ = {
			isa = XCBuildConfiguration;
			buildSettings = {
				BUNDLE_LOADER = "$(TEST_HOST)";
				INFOPLIST_FILE = fussyspiderTests/Info.plist;
				LD_RUNPATH_SEARCH_PATHS = "$(inherited) @executable_path/Frameworks @loader_path/Frameworks";
				PRODUCT_BUNDLE_IDENTIFIER = com.urnash.egypt.fussyspiderTests;
				PRODUCT_NAME = "$(TARGET_NAME)";
				TEST_HOST = "$(BUILT_PRODUCTS_DIR)/fussyspider.app/fussyspider";
			};
			name = Release;
		};
		C84559231B6FF52900C839D9 /* Debug */ = {
			isa = XCBuildConfiguration;
			buildSettings = {
				INFOPLIST_FILE = fussyspiderUITests/Info.plist;
				LD_RUNPATH_SEARCH_PATHS = "$(inherited) @executable_path/Frameworks @loader_path/Frameworks";
				PRODUCT_BUNDLE_IDENTIFIER = com.urnash.egypt.fussyspiderUITests;
				PRODUCT_NAME = "$(TARGET_NAME)";
				TEST_TARGET_NAME = fussyspider;
				USES_XCTRUNNER = YES;
			};
			name = Debug;
		};
		C84559241B6FF52900C839D9 /* Release */ = {
			isa = XCBuildConfiguration;
			buildSettings = {
				INFOPLIST_FILE = fussyspiderUITests/Info.plist;
				LD_RUNPATH_SEARCH_PATHS = "$(inherited) @executable_path/Frameworks @loader_path/Frameworks";
				PRODUCT_BUNDLE_IDENTIFIER = com.urnash.egypt.fussyspiderUITests;
				PRODUCT_NAME = "$(TARGET_NAME)";
				TEST_TARGET_NAME = fussyspider;
				USES_XCTRUNNER = YES;
			};
			name = Release;
		};
/* End XCBuildConfiguration section */

/* Begin XCConfigurationList section */
		C84558EF1B6FF52900C839D9 /* Build configuration list for PBXProject "fussyspider" */ = {
			isa = XCConfigurationList;
			buildConfigurations = (
				C845591A1B6FF52900C839D9 /* Debug */,
				C845591B1B6FF52900C839D9 /* Release */,
			);
			defaultConfigurationIsVisible = 0;
			defaultConfigurationName = Release;
		};
		C845591C1B6FF52900C839D9 /* Build configuration list for PBXNativeTarget "fussyspider" */ = {
			isa = XCConfigurationList;
			buildConfigurations = (
				C845591D1B6FF52900C839D9 /* Debug */,
				C845591E1B6FF52900C839D9 /* Release */,
			);
			defaultConfigurationIsVisible = 0;
			defaultConfigurationName = Release;
		};
		C845591F1B6FF52900C839D9 /* Build configuration list for PBXNativeTarget "fussyspiderTests" */ = {
			isa = XCConfigurationList;
			buildConfigurations = (
				C84559201B6FF52900C839D9 /* Debug */,
				C84559211B6FF52900C839D9 /* Release */,
			);
			defaultConfigurationIsVisible = 0;
			defaultConfigurationName = Release;
		};
		C84559221B6FF52900C839D9 /* Build configuration list for PBXNativeTarget "fussyspiderUITests" */ = {
			isa = XCConfigurationList;
			buildConfigurations = (
				C84559231B6FF52900C839D9 /* Debug */,
				C84559241B6FF52900C839D9 /* Release */,
			);
			defaultConfigurationIsVisible = 0;
			defaultConfigurationName = Release;
		};
/* End XCConfigurationList section */
	};
	rootObject = C84558EC1B6FF52900C839D9 /* Project object */;
}
